
Microsoft Visual Studio Solution File, Format Version 12.00
# Visual Studio 2012
Project("{FAE04EC0-301F-11D3-BF4B-00C04F79EFBC}") = "Test2", "Test2\Test2.csproj", "{CCCC5623-9454-4343-BCC4-66C4E9630A9A}"
EndProject
Global
	GlobalSection(SolutionConfigurationPlatforms) = preSolution
		Debug|Any CPU = Debug|Any CPU
		Release|Any CPU = Release|Any CPU
	EndGlobalSection
	GlobalSection(ProjectConfigurationPlatforms) = postSolution
		{CCCC5623-9454-4343-BCC4-66C4E9630A9A}.Debug|Any CPU.ActiveCfg = Debug|Any CPU
		{CCCC5623-9454-4343-BCC4-66C4E9630A9A}.Debug|Any CPU.Build.0 = Debug|Any CPU
		{CCCC5623-9454-4343-BCC4-66C4E9630A9A}.Release|Any CPU.ActiveCfg = Release|Any CPU
		{CCCC5623-9454-4343-BCC4-66C4E9630A9A}.Release|Any CPU.Build.0 = Release|Any CPU
	EndGlobalSection
EndGlobal
